
Microsoft Visual Studio Solution File, Format Version 12.00
# Visual Studio Version 16
VisualStudioVersion = 16.0.31112.23
MinimumVisualStudioVersion = 10.0.40219.1
Project("{FAE04EC0-301F-11D3-BF4B-00C04F79EFBC}") = "Garbagemanage", "Garbagemanage\Garbagemanage.csproj", "{05EE2F10-A76C-47AC-A2AA-F3285D3A14A4}"
EndProject
Project("{FAE04EC0-301F-11D3-BF4B-00C04F79EFBC}") = "Garbagemanage.DAL", "..\Garbagemanage.DAL\Garbagemanage.DAL.csproj", "{F4CDDE69-589E-4928-9B60-C56B396648D7}"
EndProject
Project("{FAE04EC0-301F-11D3-BF4B-00C04F79EFBC}") = "Garbagemanage.Models", "..\Garbagemanage.Models\Garbagemanage.Models.csproj", "{C2A1EC60-C9F5-4965-ABAD-11FC5F33AE80}"
EndProject
Project("{FAE04EC0-301F-11D3-BF4B-00C04F79EFBC}") = "Common", "..\Common\Common.csproj", "{9789883A-9311-4CA9-9BE5-A412FE47EB6B}"
EndProject
Project("{FAE04EC0-301F-11D3-BF4B-00C04F79EFBC}") = "Garbagemanage.BLL", "..\Garbagemanage.BLL\Garbagemanage.BLL.csproj", "{05029478-2A8E-451B-8AAD-24802B18D083}"
EndProject
Project("{54435603-DBB4-11D2-8724-00A0C9A8B90C}") = "SCWM_Setup", "SCWM_Setup\SCWM_Setup.vdproj", "{59C1193D-560B-4B24-A053-F4FCDE3BFD4D}"
EndProject
Global
	GlobalSection(SolutionConfigurationPlatforms) = preSolution
		Debug|Any CPU = Debug|Any CPU
		Debug|x64 = Debug|x64
		Debug|x86 = Debug|x86
		Release|Any CPU = Release|Any CPU
		Release|x64 = Release|x64
		Release|x86 = Release|x86
	EndGlobalSection
	GlobalSection(ProjectConfigurationPlatforms) = postSolution
		{05EE2F10-A76C-47AC-A2AA-F3285D3A14A4}.Debug|Any CPU.ActiveCfg = Debug|Any CPU
		{05EE2F10-A76C-47AC-A2AA-F3285D3A14A4}.Debug|Any CPU.Build.0 = Debug|Any CPU
		{05EE2F10-A76C-47AC-A2AA-F3285D3A14A4}.Debug|x64.ActiveCfg = Debug|x64
		{05EE2F10-A76C-47AC-A2AA-F3285D3A14A4}.Debug|x64.Build.0 = Debug|x64
		{05EE2F10-A76C-47AC-A2AA-F3285D3A14A4}.Debug|x86.ActiveCfg = Debug|x86
		{05EE2F10-A76C-47AC-A2AA-F3285D3A14A4}.Debug|x86.Build.0 = Debug|x86
		{05EE2F10-A76C-47AC-A2AA-F3285D3A14A4}.Release|Any CPU.ActiveCfg = Release|Any CPU
		{05EE2F10-A76C-47AC-A2AA-F3285D3A14A4}.Release|Any CPU.Build.0 = Release|Any CPU
		{05EE2F10-A76C-47AC-A2AA-F3285D3A14A4}.Release|x64.ActiveCfg = Release|Any CPU
		{05EE2F10-A76C-47AC-A2AA-F3285D3A14A4}.Release|x64.Build.0 = Release|Any CPU
		{05EE2F10-A76C-47AC-A2AA-F3285D3A14A4}.Release|x86.ActiveCfg = Release|Any CPU
		{05EE2F10-A76C-47AC-A2AA-F3285D3A14A4}.Release|x86.Build.0 = Release|Any CPU
		{F4CDDE69-589E-4928-9B60-C56B396648D7}.Debug|Any CPU.ActiveCfg = Debug|Any CPU
		{F4CDDE69-589E-4928-9B60-C56B396648D7}.Debug|Any CPU.Build.0 = Debug|Any CPU
		{F4CDDE69-589E-4928-9B60-C56B396648D7}.Debug|x64.ActiveCfg = Debug|x64
		{F4CDDE69-589E-4928-9B60-C56B396648D7}.Debug|x64.Build.0 = Debug|x64
		{F4CDDE69-589E-4928-9B60-C56B396648D7}.Debug|x86.ActiveCfg = Debug|x86
		{F4CDDE69-589E-4928-9B60-C56B396648D7}.Debug|x86.Build.0 = Debug|x86
		{F4CDDE69-589E-4928-9B60-C56B396648D7}.Release|Any CPU.ActiveCfg = Release|Any CPU
		{F4CDDE69-589E-4928-9B60-C56B396648D7}.Release|Any CPU.Build.0 = Release|Any CPU
		{F4CDDE69-589E-4928-9B60-C56B396648D7}.Release|x64.ActiveCfg = Release|Any CPU
		{F4CDDE69-589E-4928-9B60-C56B396648D7}.Release|x64.Build.0 = Release|Any CPU
		{F4CDDE69-589E-4928-9B60-C56B396648D7}.Release|x86.ActiveCfg = Release|Any CPU
		{F4CDDE69-589E-4928-9B60-C56B396648D7}.Release|x86.Build.0 = Release|Any CPU
		{C2A1EC60-C9F5-4965-ABAD-11FC5F33AE80}.Debug|Any CPU.ActiveCfg = Debug|Any CPU
		{C2A1EC60-C9F5-4965-ABAD-11FC5F33AE80}.Debug|Any CPU.Build.0 = Debug|Any CPU
		{C2A1EC60-C9F5-4965-ABAD-11FC5F33AE80}.Debug|x64.ActiveCfg = Debug|x64
		{C2A1EC60-C9F5-4965-ABAD-11FC5F33AE80}.Debug|x64.Build.0 = Debug|x64
		{C2A1EC60-C9F5-4965-ABAD-11FC5F33AE80}.Debug|x86.ActiveCfg = Debug|x86
		{C2A1EC60-C9F5-4965-ABAD-11FC5F33AE80}.Debug|x86.Build.0 = Debug|x86
		{C2A1EC60-C9F5-4965-ABAD-11FC5F33AE80}.Release|Any CPU.ActiveCfg = Release|Any CPU
		{C2A1EC60-C9F5-4965-ABAD-11FC5F33AE80}.Release|Any CPU.Build.0 = Release|Any CPU
		{C2A1EC60-C9F5-4965-ABAD-11FC5F33AE80}.Release|x64.ActiveCfg = Release|Any CPU
		{C2A1EC60-C9F5-4965-ABAD-11FC5F33AE80}.Release|x64.Build.0 = Release|Any CPU
		{C2A1EC60-C9F5-4965-ABAD-11FC5F33AE80}.Release|x86.ActiveCfg = Release|Any CPU
		{C2A1EC60-C9F5-4965-ABAD-11FC5F33AE80}.Release|x86.Build.0 = Release|Any CPU
		{9789883A-9311-4CA9-9BE5-A412FE47EB6B}.Debug|Any CPU.ActiveCfg = Debug|Any CPU
		{9789883A-9311-4CA9-9BE5-A412FE47EB6B}.Debug|Any CPU.Build.0 = Debug|Any CPU
		{9789883A-9311-4CA9-9BE5-A412FE47EB6B}.Debug|x64.ActiveCfg = Debug|x64
		{9789883A-9311-4CA9-9BE5-A412FE47EB6B}.Debug|x64.Build.0 = Debug|x64
		{9789883A-9311-4CA9-9BE5-A412FE47EB6B}.Debug|x86.ActiveCfg = Debug|x86
		{9789883A-9311-4CA9-9BE5-A412FE47EB6B}.Debug|x86.Build.0 = Debug|x86
		{9789883A-9311-4CA9-9BE5-A412FE47EB6B}.Release|Any CPU.ActiveCfg = Release|Any CPU
		{9789883A-9311-4CA9-9BE5-A412FE47EB6B}.Release|Any CPU.Build.0 = Release|Any CPU
		{9789883A-9311-4CA9-9BE5-A412FE47EB6B}.Release|x64.ActiveCfg = Release|Any CPU
		{9789883A-9311-4CA9-9BE5-A412FE47EB6B}.Release|x64.Build.0 = Release|Any CPU
		{9789883A-9311-4CA9-9BE5-A412FE47EB6B}.Release|x86.ActiveCfg = Release|Any CPU
		{9789883A-9311-4CA9-9BE5-A412FE47EB6B}.Release|x86.Build.0 = Release|Any CPU
		{05029478-2A8E-451B-8AAD-24802B18D083}.Debug|Any CPU.ActiveCfg = Debug|Any CPU
		{05029478-2A8E-451B-8AAD-24802B18D083}.Debug|Any CPU.Build.0 = Debug|Any CPU
		{05029478-2A8E-451B-8AAD-24802B18D083}.Debug|x64.ActiveCfg = Debug|x64
		{05029478-2A8E-451B-8AAD-24802B18D083}.Debug|x64.Build.0 = Debug|x64
		{05029478-2A8E-451B-8AAD-24802B18D083}.Debug|x86.ActiveCfg = Debug|x86
		{05029478-2A8E-451B-8AAD-24802B18D083}.Debug|x86.Build.0 = Debug|x86
		{05029478-2A8E-451B-8AAD-24802B18D083}.Release|Any CPU.ActiveCfg = Release|Any CPU
		{05029478-2A8E-451B-8AAD-24802B18D083}.Release|Any CPU.Build.0 = Release|Any CPU
		{05029478-2A8E-451B-8AAD-24802B18D083}.Release|x64.ActiveCfg = Release|Any CPU
		{05029478-2A8E-451B-8AAD-24802B18D083}.Release|x64.Build.0 = Release|Any CPU
		{05029478-2A8E-451B-8AAD-24802B18D083}.Release|x86.ActiveCfg = Release|Any CPU
		{05029478-2A8E-451B-8AAD-24802B18D083}.Release|x86.Build.0 = Release|Any CPU
		{59C1193D-560B-4B24-A053-F4FCDE3BFD4D}.Debug|Any CPU.ActiveCfg = Debug
		{59C1193D-560B-4B24-A053-F4FCDE3BFD4D}.Debug|x64.ActiveCfg = Debug
		{59C1193D-560B-4B24-A053-F4FCDE3BFD4D}.Debug|x86.ActiveCfg = Debug
		{59C1193D-560B-4B24-A053-F4FCDE3BFD4D}.Release|Any CPU.ActiveCfg = Release
		{59C1193D-560B-4B24-A053-F4FCDE3BFD4D}.Release|x64.ActiveCfg = Release
		{59C1193D-560B-4B24-A053-F4FCDE3BFD4D}.Release|x86.ActiveCfg = Release
	EndGlobalSection
	GlobalSection(SolutionProperties) = preSolution
		HideSolutionNode = FALSE
	EndGlobalSection
	GlobalSection(ExtensibilityGlobals) = postSolution
		SolutionGuid = {C68D8337-03AD-48A4-A250-91FD4E445059}
	EndGlobalSection
EndGlobal
